
Microsoft Visual Studio Solution File, Format Version 12.00
# Visual Studio Version 17
VisualStudioVersion = 17.4.33205.214
MinimumVisualStudioVersion = 10.0.40219.1
Project("{FAE04EC0-301F-11D3-BF4B-00C04F79EFBC}") = "backExamen", "backExamen.csproj", "{B76EF5B4-3933-48FE-AEC7-3B64548D779D}"
EndProject
Global
	GlobalSection(SolutionConfigurationPlatforms) = preSolution
		Debug|Any CPU = Debug|Any CPU
		Release|Any CPU = Release|Any CPU
	EndGlobalSection
	GlobalSection(ProjectConfigurationPlatforms) = postSolution
		{B76EF5B4-3933-48FE-AEC7-3B64548D779D}.Debug|Any CPU.ActiveCfg = Debug|Any CPU
		{B76EF5B4-3933-48FE-AEC7-3B64548D779D}.Debug|Any CPU.Build.0 = Debug|Any CPU
		{B76EF5B4-3933-48FE-AEC7-3B64548D779D}.Release|Any CPU.ActiveCfg = Release|Any CPU
		{B76EF5B4-3933-48FE-AEC7-3B64548D779D}.Release|Any CPU.Build.0 = Release|Any CPU
	EndGlobalSection
	GlobalSection(SolutionProperties) = preSolution
		HideSolutionNode = FALSE
	EndGlobalSection
	GlobalSection(ExtensibilityGlobals) = postSolution
		SolutionGuid = {292236F3-D66E-452D-8F06-E14B0D2A346B}
	EndGlobalSection
EndGlobal
